<?xml version="1.0" encoding="utf-8"?>
<Project ToolsVersion="4.0" xmlns="http://schemas.microsoft.com/developer/msbuild/2003">
  <ItemGroup>
    <None Include="WebKitXCtrl.bmp" />
    <None Include="WebKitX.rgs" />
    <None Include="README.md" />
    <None Include=".gitignore" />
  </ItemGroup>
  <ItemGroup>
    <ClCompile Include="stdafx.cpp" />
    <ClCompile Include="WebKitHandler.cpp" />
    <ClCompile Include="WebKitX.cpp" />
    <ClCompile Include="WebKitXCtrl.cpp" />
    <ClCompile Include="WebKitV8Extension.cpp" />
  </ItemGroup>
  <ItemGroup>
    <ClInclude Include="Resource.h" />
    <ClInclude Include="stdafx.h" />
    <ClInclude Include="WebKitHandler.h" />
    <ClInclude Include="WebKitX.h" />
    <ClInclude Include="WebKitXCtrl.h" />
    <ClInclude Include="WebKitV8Extension.h" />
    <ClInclude Include="strings.hpp" />
  </ItemGroup>
  <ItemGroup>
    <ResourceCompile Include="WebKitX.rc" />
  </ItemGroup>
  <ItemGroup>
    <Midl Include="WebKitX.idl" />
  </ItemGroup>
</Project>